// !$*UTF8*$!
{
	archiveVersion = 1;
	classes = {
	};
	objectVersion = 56;
	objects = {

/* Begin PBXBuildFile section */
		FB54B51E2DDB836800ABDEAF /* pantalla_dex.swift in Sources */ = {isa = PBXBuildFile; fileRef = FB54B51D2DDB836800ABDEAF /* pantalla_dex.swift */; };
		FB54B5202DDB83B800ABDEAF /* pantalla_pokemon.swift in Sources */ = {isa = PBXBuildFile; fileRef = FB54B51F2DDB83B800ABDEAF /* pantalla_pokemon.swift */; };
		FB54B5222DDB843D00ABDEAF /* pantalla_hab.swift in Sources */ = {isa = PBXBuildFile; fileRef = FB54B5212DDB843D00ABDEAF /* pantalla_hab.swift */; };
		FB88FA0A2DCE57F200FF12DE /* PokedexApp.swift in Sources */ = {isa = PBXBuildFile; fileRef = FB88FA092DCE57F200FF12DE /* PokedexApp.swift */; };
		FB88FA0C2DCE57F200FF12DE /* ContentView.swift in Sources */ = {isa = PBXBuildFile; fileRef = FB88FA0B2DCE57F200FF12DE /* ContentView.swift */; };
		FB88FA0E2DCE57F300FF12DE /* Assets.xcassets in Resources */ = {isa = PBXBuildFile; fileRef = FB88FA0D2DCE57F300FF12DE /* Assets.xcassets */; };
		FB88FA112DCE57F300FF12DE /* Preview Assets.xcassets in Resources */ = {isa = PBXBuildFile; fileRef = FB88FA102DCE57F300FF12DE /* Preview Assets.xcassets */; };
		FB88FA192DCE5A3800FF12DE /* pokemon_api.swift in Sources */ = {isa = PBXBuildFile; fileRef = FB88FA182DCE5A3800FF12DE /* pokemon_api.swift */; };
		FB88FA1F2DCE5D0700FF12DE /* controlador_api.swift in Sources */ = {isa = PBXBuildFile; fileRef = FB88FA1E2DCE5D0700FF12DE /* controlador_api.swift */; };
		FB88FA212DCE5D6100FF12DE /* pokemon.swift in Sources */ = {isa = PBXBuildFile; fileRef = FB88FA202DCE5D6100FF12DE /* pokemon.swift */; };
		FB88FA232DCE629D00FF12DE /* movimientos.swift in Sources */ = {isa = PBXBuildFile; fileRef = FB88FA222DCE629D00FF12DE /* movimientos.swift */; };
		FB88FA252DCE638600FF12DE /* hablidades.swift in Sources */ = {isa = PBXBuildFile; fileRef = FB88FA242DCE638600FF12DE /* hablidades.swift */; };
		FB9250CE2DDB988700A76412 /* pantalla_hab_det.swift in Sources */ = {isa = PBXBuildFile; fileRef = FB9250CD2DDB988700A76412 /* pantalla_hab_det.swift */; };
		FBCC2D092DDE2EF100B3E0C6 /* pantalla_movimientos.swift in Sources */ = {isa = PBXBuildFile; fileRef = FBCC2D082DDE2EF100B3E0C6 /* pantalla_movimientos.swift */; };
		FBCC2D0B2DDE3A6900B3E0C6 /* pantalla_movimiento_d.swift in Sources */ = {isa = PBXBuildFile; fileRef = FBCC2D0A2DDE3A6900B3E0C6 /* pantalla_movimiento_d.swift */; };
		FBE41D272DD4EEDF00415FB1 /* pagina_resultados.swift in Sources */ = {isa = PBXBuildFile; fileRef = FBE41D262DD4EEDF00415FB1 /* pagina_resultados.swift */; };
		FBE41D292DD4F11D00415FB1 /* errores.swift in Sources */ = {isa = PBXBuildFile; fileRef = FBE41D282DD4F11D00415FB1 /* errores.swift */; };
		FBE41D2D2DD4F26800415FB1 /* pantalla_pokedex.swift in Sources */ = {isa = PBXBuildFile; fileRef = FBE41D2C2DD4F26800415FB1 /* pantalla_pokedex.swift */; };
		FBE41D2F2DD4F60800415FB1 /* detalles_pkm.swift in Sources */ = {isa = PBXBuildFile; fileRef = FBE41D2E2DD4F60800415FB1 /* detalles_pkm.swift */; };
/* End PBXBuildFile section */

/* Begin PBXFileReference section */
		FB54B51D2DDB836800ABDEAF /* pantalla_dex.swift */ = {isa = PBXFileReference; lastKnownFileType = sourcecode.swift; path = pantalla_dex.swift; sourceTree = "<group>"; };
		FB54B51F2DDB83B800ABDEAF /* pantalla_pokemon.swift */ = {isa = PBXFileReference; lastKnownFileType = sourcecode.swift; path = pantalla_pokemon.swift; sourceTree = "<group>"; };
		FB54B5212DDB843D00ABDEAF /* pantalla_hab.swift */ = {isa = PBXFileReference; lastKnownFileType = sourcecode.swift; path = pantalla_hab.swift; sourceTree = "<group>"; };
		FB88FA062DCE57F200FF12DE /* Pokedex.app */ = {isa = PBXFileReference; explicitFileType = wrapper.application; includeInIndex = 0; path = Pokedex.app; sourceTree = BUILT_PRODUCTS_DIR; };
		FB88FA092DCE57F200FF12DE /* PokedexApp.swift */ = {isa = PBXFileReference; lastKnownFileType = sourcecode.swift; path = PokedexApp.swift; sourceTree = "<group>"; };
		FB88FA0B2DCE57F200FF12DE /* ContentView.swift */ = {isa = PBXFileReference; lastKnownFileType = sourcecode.swift; path = ContentView.swift; sourceTree = "<group>"; };
		FB88FA0D2DCE57F300FF12DE /* Assets.xcassets */ = {isa = PBXFileReference; lastKnownFileType = folder.assetcatalog; path = Assets.xcassets; sourceTree = "<group>"; };
		FB88FA102DCE57F300FF12DE /* Preview Assets.xcassets */ = {isa = PBXFileReference; lastKnownFileType = folder.assetcatalog; path = "Preview Assets.xcassets"; sourceTree = "<group>"; };
		FB88FA182DCE5A3800FF12DE /* pokemon_api.swift */ = {isa = PBXFileReference; lastKnownFileType = sourcecode.swift; path = pokemon_api.swift; sourceTree = "<group>"; };
		FB88FA1E2DCE5D0700FF12DE /* controlador_api.swift */ = {isa = PBXFileReference; lastKnownFileType = sourcecode.swift; path = controlador_api.swift; sourceTree = "<group>"; };
		FB88FA202DCE5D6100FF12DE /* pokemon.swift */ = {isa = PBXFileReference; lastKnownFileType = sourcecode.swift; path = pokemon.swift; sourceTree = "<group>"; };
		FB88FA222DCE629D00FF12DE /* movimientos.swift */ = {isa = PBXFileReference; lastKnownFileType = sourcecode.swift; path = movimientos.swift; sourceTree = "<group>"; };
		FB88FA242DCE638600FF12DE /* hablidades.swift */ = {isa = PBXFileReference; lastKnownFileType = sourcecode.swift; path = hablidades.swift; sourceTree = "<group>"; };
		FB9250CD2DDB988700A76412 /* pantalla_hab_det.swift */ = {isa = PBXFileReference; lastKnownFileType = sourcecode.swift; path = pantalla_hab_det.swift; sourceTree = "<group>"; };
		FBCC2D082DDE2EF100B3E0C6 /* pantalla_movimientos.swift */ = {isa = PBXFileReference; lastKnownFileType = sourcecode.swift; path = pantalla_movimientos.swift; sourceTree = "<group>"; };
		FBCC2D0A2DDE3A6900B3E0C6 /* pantalla_movimiento_d.swift */ = {isa = PBXFileReference; lastKnownFileType = sourcecode.swift; path = pantalla_movimiento_d.swift; sourceTree = "<group>"; };
		FBE41D262DD4EEDF00415FB1 /* pagina_resultados.swift */ = {isa = PBXFileReference; lastKnownFileType = sourcecode.swift; path = pagina_resultados.swift; sourceTree = "<group>"; };
		FBE41D282DD4F11D00415FB1 /* errores.swift */ = {isa = PBXFileReference; lastKnownFileType = sourcecode.swift; path = errores.swift; sourceTree = "<group>"; };
		FBE41D2C2DD4F26800415FB1 /* pantalla_pokedex.swift */ = {isa = PBXFileReference; lastKnownFileType = sourcecode.swift; name = pantalla_pokedex.swift; path = servicios_API/pantalla_pokedex.swift; sourceTree = SOURCE_ROOT; };
		FBE41D2E2DD4F60800415FB1 /* detalles_pkm.swift */ = {isa = PBXFileReference; lastKnownFileType = sourcecode.swift; name = detalles_pkm.swift; path = servicios_API/detalles_pkm.swift; sourceTree = SOURCE_ROOT; };
/* End PBXFileReference section */

/* Begin PBXFrameworksBuildPhase section */
		FB88FA032DCE57F200FF12DE /* Frameworks */ = {
			isa = PBXFrameworksBuildPhase;
			buildActionMask = 2147483647;
			files = (
			);
			runOnlyForDeploymentPostprocessing = 0;
		};
/* End PBXFrameworksBuildPhase section */

/* Begin PBXGroup section */
		FB54B51C2DDB835600ABDEAF /* pantallas */ = {
			isa = PBXGroup;
			children = (
				FB54B51D2DDB836800ABDEAF /* pantalla_dex.swift */,
				FB54B51F2DDB83B800ABDEAF /* pantalla_pokemon.swift */,
				FB54B5212DDB843D00ABDEAF /* pantalla_hab.swift */,
				FB9250CD2DDB988700A76412 /* pantalla_hab_det.swift */,
				FBCC2D082DDE2EF100B3E0C6 /* pantalla_movimientos.swift */,
				FBCC2D0A2DDE3A6900B3E0C6 /* pantalla_movimiento_d.swift */,
			);
			path = pantallas;
			sourceTree = "<group>";
		};
		FB88F9FD2DCE57F200FF12DE = {
			isa = PBXGroup;
			children = (
				FB54B51C2DDB835600ABDEAF /* pantallas */,
				FB88FA1D2DCE5B5B00FF12DE /* ui */,
				FB88FA1C2DCE5B4E00FF12DE /* modelos */,
				FB88FA1B2DCE5B4200FF12DE /* controladores */,
				FB88FA172DCE5A1000FF12DE /* servicios_API */,
				FB88FA082DCE57F200FF12DE /* Pokedex */,
				FB88FA072DCE57F200FF12DE /* Products */,
			);
			sourceTree = "<group>";
		};
		FB88FA072DCE57F200FF12DE /* Products */ = {
			isa = PBXGroup;
			children = (
				FB88FA062DCE57F200FF12DE /* Pokedex.app */,
			);
			name = Products;
			sourceTree = "<group>";
		};
		FB88FA082DCE57F200FF12DE /* Pokedex */ = {
			isa = PBXGroup;
			children = (
				FB88FA092DCE57F200FF12DE /* PokedexApp.swift */,
				FB88FA0B2DCE57F200FF12DE /* ContentView.swift */,
				FB88FA0D2DCE57F300FF12DE /* Assets.xcassets */,
				FB88FA0F2DCE57F300FF12DE /* Preview Content */,
			);
			path = Pokedex;
			sourceTree = "<group>";
		};
		FB88FA0F2DCE57F300FF12DE /* Preview Content */ = {
			isa = PBXGroup;
			children = (
				FB88FA102DCE57F300FF12DE /* Preview Assets.xcassets */,
			);
			path = "Preview Content";
			sourceTree = "<group>";
		};
		FB88FA172DCE5A1000FF12DE /* servicios_API */ = {
			isa = PBXGroup;
			children = (
				FB88FA182DCE5A3800FF12DE /* pokemon_api.swift */,
				FBE41D282DD4F11D00415FB1 /* errores.swift */,
			);
			path = servicios_API;
			sourceTree = "<group>";
		};
		FB88FA1B2DCE5B4200FF12DE /* controladores */ = {
			isa = PBXGroup;
			children = (
				FB88FA1E2DCE5D0700FF12DE /* controlador_api.swift */,
			);
			path = controladores;
			sourceTree = "<group>";
		};
		FB88FA1C2DCE5B4E00FF12DE /* modelos */ = {
			isa = PBXGroup;
			children = (
				FBE41D252DD4EEB500415FB1 /* soporte */,
				FB88FA202DCE5D6100FF12DE /* pokemon.swift */,
				FB88FA222DCE629D00FF12DE /* movimientos.swift */,
				FB88FA242DCE638600FF12DE /* hablidades.swift */,
			);
			path = modelos;
			sourceTree = "<group>";
		};
		FB88FA1D2DCE5B5B00FF12DE /* ui */ = {
			isa = PBXGroup;
			children = (
				FBE41D2C2DD4F26800415FB1 /* pantalla_pokedex.swift */,
				FBE41D2E2DD4F60800415FB1 /* detalles_pkm.swift */,
			);
			path = ui;
			sourceTree = "<group>";
		};
		FBE41D252DD4EEB500415FB1 /* soporte */ = {
			isa = PBXGroup;
			children = (
				FBE41D262DD4EEDF00415FB1 /* pagina_resultados.swift */,
			);
			path = soporte;
			sourceTree = "<group>";
		};
/* End PBXGroup section */

/* Begin PBXNativeTarget section */
		FB88FA052DCE57F200FF12DE /* Pokedex */ = {
			isa = PBXNativeTarget;
			buildConfigurationList = FB88FA142DCE57F300FF12DE /* Build configuration list for PBXNativeTarget "Pokedex" */;
			buildPhases = (
				FB88FA022DCE57F200FF12DE /* Sources */,
				FB88FA032DCE57F200FF12DE /* Frameworks */,
				FB88FA042DCE57F200FF12DE /* Resources */,
			);
			buildRules = (
			);
			dependencies = (
			);
			name = Pokedex;
			productName = Pokedex;
			productReference = FB88FA062DCE57F200FF12DE /* Pokedex.app */;
			productType = "com.apple.product-type.application";
		};
/* End PBXNativeTarget section */

/* Begin PBXProject section */
		FB88F9FE2DCE57F200FF12DE /* Project object */ = {
			isa = PBXProject;
			attributes = {
				BuildIndependentTargetsInParallel = 1;
				LastSwiftUpdateCheck = 1540;
				LastUpgradeCheck = 1540;
				TargetAttributes = {
					FB88FA052DCE57F200FF12DE = {
						CreatedOnToolsVersion = 15.4;
					};
				};
			};
			buildConfigurationList = FB88FA012DCE57F200FF12DE /* Build configuration list for PBXProject "Pokedex" */;
			compatibilityVersion = "Xcode 14.0";
			developmentRegion = en;
			hasScannedForEncodings = 0;
			knownRegions = (
				en,
				Base,
			);
			mainGroup = FB88F9FD2DCE57F200FF12DE;
			productRefGroup = FB88FA072DCE57F200FF12DE /* Products */;
			projectDirPath = "";
			projectRoot = "";
			targets = (
				FB88FA052DCE57F200FF12DE /* Pokedex */,
			);
		};
/* End PBXProject section */

/* Begin PBXResourcesBuildPhase section */
		FB88FA042DCE57F200FF12DE /* Resources */ = {
			isa = PBXResourcesBuildPhase;
			buildActionMask = 2147483647;
			files = (
				FB88FA112DCE57F300FF12DE /* Preview Assets.xcassets in Resources */,
				FB88FA0E2DCE57F300FF12DE /* Assets.xcassets in Resources */,
			);
			runOnlyForDeploymentPostprocessing = 0;
		};
/* End PBXResourcesBuildPhase section */

/* Begin PBXSourcesBuildPhase section */
		FB88FA022DCE57F200FF12DE /* Sources */ = {
			isa = PBXSourcesBuildPhase;
			buildActionMask = 2147483647;
			files = (
				FBE41D292DD4F11D00415FB1 /* errores.swift in Sources */,
				FBE41D2D2DD4F26800415FB1 /* pantalla_pokedex.swift in Sources */,
				FB88FA1F2DCE5D0700FF12DE /* controlador_api.swift in Sources */,
				FB88FA212DCE5D6100FF12DE /* pokemon.swift in Sources */,
				FB88FA192DCE5A3800FF12DE /* pokemon_api.swift in Sources */,
				FB88FA252DCE638600FF12DE /* hablidades.swift in Sources */,
				FBE41D2F2DD4F60800415FB1 /* detalles_pkm.swift in Sources */,
				FB54B5202DDB83B800ABDEAF /* pantalla_pokemon.swift in Sources */,
				FB88FA0C2DCE57F200FF12DE /* ContentView.swift in Sources */,
				FB88FA232DCE629D00FF12DE /* movimientos.swift in Sources */,
				FB88FA0A2DCE57F200FF12DE /* PokedexApp.swift in Sources */,
				FBCC2D0B2DDE3A6900B3E0C6 /* pantalla_movimiento_d.swift in Sources */,
				FBCC2D092DDE2EF100B3E0C6 /* pantalla_movimientos.swift in Sources */,
				FB54B5222DDB843D00ABDEAF /* pantalla_hab.swift in Sources */,
				FBE41D272DD4EEDF00415FB1 /* pagina_resultados.swift in Sources */,
				FB9250CE2DDB988700A76412 /* pantalla_hab_det.swift in Sources */,
				FB54B51E2DDB836800ABDEAF /* pantalla_dex.swift in Sources */,
			);
			runOnlyForDeploymentPostprocessing = 0;
		};
/* End PBXSourcesBuildPhase section */

/* Begin XCBuildConfiguration section */
		FB88FA122DCE57F300FF12DE /* Debug */ = {
			isa = XCBuildConfiguration;
			buildSettings = {
				ALWAYS_SEARCH_USER_PATHS = NO;
				ASSETCATALOG_COMPILER_GENERATE_SWIFT_ASSET_SYMBOL_EXTENSIONS = YES;
				CLANG_ANALYZER_NONNULL = YES;
				CLANG_ANALYZER_NUMBER_OBJECT_CONVERSION = YES_AGGRESSIVE;
				CLANG_CXX_LANGUAGE_STANDARD = "gnu++20";
				CLANG_ENABLE_MODULES = YES;
				CLANG_ENABLE_OBJC_ARC = YES;
				CLANG_ENABLE_OBJC_WEAK = YES;
				CLANG_WARN_BLOCK_CAPTURE_AUTORELEASING = YES;
				CLANG_WARN_BOOL_CONVERSION = YES;
				CLANG_WARN_COMMA = YES;
				CLANG_WARN_CONSTANT_CONVERSION = YES;
				CLANG_WARN_DEPRECATED_OBJC_IMPLEMENTATIONS = YES;
				CLANG_WARN_DIRECT_OBJC_ISA_USAGE = YES_ERROR;
				CLANG_WARN_DOCUMENTATION_COMMENTS = YES;
				CLANG_WARN_EMPTY_BODY = YES;
				CLANG_WARN_ENUM_CONVERSION = YES;
				CLANG_WARN_INFINITE_RECURSION = YES;
				CLANG_WARN_INT_CONVERSION = YES;
				CLANG_WARN_NON_LITERAL_NULL_CONVERSION = YES;
				CLANG_WARN_OBJC_IMPLICIT_RETAIN_SELF = YES;
				CLANG_WARN_OBJC_LITERAL_CONVERSION = YES;
				CLANG_WARN_OBJC_ROOT_CLASS = YES_ERROR;
				CLANG_WARN_QUOTED_INCLUDE_IN_FRAMEWORK_HEADER = YES;
				CLANG_WARN_RANGE_LOOP_ANALYSIS = YES;
				CLANG_WARN_STRICT_PROTOTYPES = YES;
				CLANG_WARN_SUSPICIOUS_MOVE = YES;
				CLANG_WARN_UNGUARDED_AVAILABILITY = YES_AGGRESSIVE;
				CLANG_WARN_UNREACHABLE_CODE = YES;
				CLANG_WARN__DUPLICATE_METHOD_MATCH = YES;
				COPY_PHASE_STRIP = NO;
				DEBUG_INFORMATION_FORMAT = dwarf;
				ENABLE_STRICT_OBJC_MSGSEND = YES;
				ENABLE_TESTABILITY = YES;
				ENABLE_USER_SCRIPT_SANDBOXING = YES;
				GCC_C_LANGUAGE_STANDARD = gnu17;
				GCC_DYNAMIC_NO_PIC = NO;
				GCC_NO_COMMON_BLOCKS = YES;
				GCC_OPTIMIZATION_LEVEL = 0;
				GCC_PREPROCESSOR_DEFINITIONS = (
					"DEBUG=1",
					"$(inherited)",
				);
				GCC_WARN_64_TO_32_BIT_CONVERSION = YES;
				GCC_WARN_ABOUT_RETURN_TYPE = YES_ERROR;
				GCC_WARN_UNDECLARED_SELECTOR = YES;
				GCC_WARN_UNINITIALIZED_AUTOS = YES_AGGRESSIVE;
				GCC_WARN_UNUSED_FUNCTION = YES;
				GCC_WARN_UNUSED_VARIABLE = YES;
				IPHONEOS_DEPLOYMENT_TARGET = 17.5;
				LOCALIZATION_PREFERS_STRING_CATALOGS = YES;
				MTL_ENABLE_DEBUG_INFO = INCLUDE_SOURCE;
				MTL_FAST_MATH = YES;
				ONLY_ACTIVE_ARCH = YES;
				SDKROOT = iphoneos;
				SWIFT_ACTIVE_COMPILATION_CONDITIONS = "DEBUG $(inherited)";
				SWIFT_OPTIMIZATION_LEVEL = "-Onone";
			};
			name = Debug;
		};
		FB88FA132DCE57F300FF12DE /* Release */ = {
			isa = XCBuildConfiguration;
			buildSettings = {
				ALWAYS_SEARCH_USER_PATHS = NO;
				ASSETCATALOG_COMPILER_GENERATE_SWIFT_ASSET_SYMBOL_EXTENSIONS = YES;
				CLANG_ANALYZER_NONNULL = YES;
				CLANG_ANALYZER_NUMBER_OBJECT_CONVERSION = YES_AGGRESSIVE;
				CLANG_CXX_LANGUAGE_STANDARD = "gnu++20";
				CLANG_ENABLE_MODULES = YES;
				CLANG_ENABLE_OBJC_ARC = YES;
				CLANG_ENABLE_OBJC_WEAK = YES;
				CLANG_WARN_BLOCK_CAPTURE_AUTORELEASING = YES;
				CLANG_WARN_BOOL_CONVERSION = YES;
				CLANG_WARN_COMMA = YES;
				CLANG_WARN_CONSTANT_CONVERSION = YES;
				CLANG_WARN_DEPRECATED_OBJC_IMPLEMENTATIONS = YES;
				CLANG_WARN_DIRECT_OBJC_ISA_USAGE = YES_ERROR;
				CLANG_WARN_DOCUMENTATION_COMMENTS = YES;
				CLANG_WARN_EMPTY_BODY = YES;
				CLANG_WARN_ENUM_CONVERSION = YES;
				CLANG_WARN_INFINITE_RECURSION = YES;
				CLANG_WARN_INT_CONVERSION = YES;
				CLANG_WARN_NON_LITERAL_NULL_CONVERSION = YES;
				CLANG_WARN_OBJC_IMPLICIT_RETAIN_SELF = YES;
				CLANG_WARN_OBJC_LITERAL_CONVERSION = YES;
				CLANG_WARN_OBJC_ROOT_CLASS = YES_ERROR;
				CLANG_WARN_QUOTED_INCLUDE_IN_FRAMEWORK_HEADER = YES;
				CLANG_WARN_RANGE_LOOP_ANALYSIS = YES;
				CLANG_WARN_STRICT_PROTOTYPES = YES;
				CLANG_WARN_SUSPICIOUS_MOVE = YES;
				CLANG_WARN_UNGUARDED_AVAILABILITY = YES_AGGRESSIVE;
				CLANG_WARN_UNREACHABLE_CODE = YES;
				CLANG_WARN__DUPLICATE_METHOD_MATCH = YES;
				COPY_PHASE_STRIP = NO;
				DEBUG_INFORMATION_FORMAT = "dwarf-with-dsym";
				ENABLE_NS_ASSERTIONS = NO;
				ENABLE_STRICT_OBJC_MSGSEND = YES;
				ENABLE_USER_SCRIPT_SANDBOXING = YES;
				GCC_C_LANGUAGE_STANDARD = gnu17;
				GCC_NO_COMMON_BLOCKS = YES;
				GCC_WARN_64_TO_32_BIT_CONVERSION = YES;
				GCC_WARN_ABOUT_RETURN_TYPE = YES_ERROR;
				GCC_WARN_UNDECLARED_SELECTOR = YES;
				GCC_WARN_UNINITIALIZED_AUTOS = YES_AGGRESSIVE;
				GCC_WARN_UNUSED_FUNCTION = YES;
				GCC_WARN_UNUSED_VARIABLE = YES;
				IPHONEOS_DEPLOYMENT_TARGET = 17.5;
				LOCALIZATION_PREFERS_STRING_CATALOGS = YES;
				MTL_ENABLE_DEBUG_INFO = NO;
				MTL_FAST_MATH = YES;
				SDKROOT = iphoneos;
				SWIFT_COMPILATION_MODE = wholemodule;
				VALIDATE_PRODUCT = YES;
			};
			name = Release;
		};
		FB88FA152DCE57F300FF12DE /* Debug */ = {
			isa = XCBuildConfiguration;
			buildSettings = {
				ASSETCATALOG_COMPILER_APPICON_NAME = AppIcon;
				ASSETCATALOG_COMPILER_GLOBAL_ACCENT_COLOR_NAME = AccentColor;
				CODE_SIGN_STYLE = Automatic;
				CURRENT_PROJECT_VERSION = 1;
				DEVELOPMENT_ASSET_PATHS = "\"Pokedex/Preview Content\"";
				ENABLE_PREVIEWS = YES;
				GENERATE_INFOPLIST_FILE = YES;
				INFOPLIST_KEY_UIApplicationSceneManifest_Generation = YES;
				INFOPLIST_KEY_UIApplicationSupportsIndirectInputEvents = YES;
				INFOPLIST_KEY_UILaunchScreen_Generation = YES;
				INFOPLIST_KEY_UISupportedInterfaceOrientations_iPad = "UIInterfaceOrientationPortrait UIInterfaceOrientationPortraitUpsideDown UIInterfaceOrientationLandscapeLeft UIInterfaceOrientationLandscapeRight";
				INFOPLIST_KEY_UISupportedInterfaceOrientations_iPhone = "UIInterfaceOrientationPortrait UIInterfaceOrientationLandscapeLeft UIInterfaceOrientationLandscapeRight";
				LD_RUNPATH_SEARCH_PATHS = (
					"$(inherited)",
					"@executable_path/Frameworks",
				);
				MARKETING_VERSION = 1.0;
				PRODUCT_BUNDLE_IDENTIFIER = mx.alumnos.uacj.Pokedex;
				PRODUCT_NAME = "$(TARGET_NAME)";
				SWIFT_EMIT_LOC_STRINGS = YES;
				SWIFT_VERSION = 5.0;
				TARGETED_DEVICE_FAMILY = "1,2";
			};
			name = Debug;
		};
		FB88FA162DCE57F300FF12DE /* Release */ = {
			isa = XCBuildConfiguration;
			buildSettings = {
				ASSETCATALOG_COMPILER_APPICON_NAME = AppIcon;
				ASSETCATALOG_COMPILER_GLOBAL_ACCENT_COLOR_NAME = AccentColor;
				CODE_SIGN_STYLE = Automatic;
				CURRENT_PROJECT_VERSION = 1;
				DEVELOPMENT_ASSET_PATHS = "\"Pokedex/Preview Content\"";
				ENABLE_PREVIEWS = YES;
				GENERATE_INFOPLIST_FILE = YES;
				INFOPLIST_KEY_UIApplicationSceneManifest_Generation = YES;
				INFOPLIST_KEY_UIApplicationSupportsIndirectInputEvents = YES;
				INFOPLIST_KEY_UILaunchScreen_Generation = YES;
				INFOPLIST_KEY_UISupportedInterfaceOrientations_iPad = "UIInterfaceOrientationPortrait UIInterfaceOrientationPortraitUpsideDown UIInterfaceOrientationLandscapeLeft UIInterfaceOrientationLandscapeRight";
				INFOPLIST_KEY_UISupportedInterfaceOrientations_iPhone = "UIInterfaceOrientationPortrait UIInterfaceOrientationLandscapeLeft UIInterfaceOrientationLandscapeRight";
				LD_RUNPATH_SEARCH_PATHS = (
					"$(inherited)",
					"@executable_path/Frameworks",
				);
				MARKETING_VERSION = 1.0;
				PRODUCT_BUNDLE_IDENTIFIER = mx.alumnos.uacj.Pokedex;
				PRODUCT_NAME = "$(TARGET_NAME)";
				SWIFT_EMIT_LOC_STRINGS = YES;
				SWIFT_VERSION = 5.0;
				TARGETED_DEVICE_FAMILY = "1,2";
			};
			name = Release;
		};
/* End XCBuildConfiguration section */

/* Begin XCConfigurationList section */
		FB88FA012DCE57F200FF12DE /* Build configuration list for PBXProject "Pokedex" */ = {
			isa = XCConfigurationList;
			buildConfigurations = (
				FB88FA122DCE57F300FF12DE /* Debug */,
				FB88FA132DCE57F300FF12DE /* Release */,
			);
			defaultConfigurationIsVisible = 0;
			defaultConfigurationName = Release;
		};
		FB88FA142DCE57F300FF12DE /* Build configuration list for PBXNativeTarget "Pokedex" */ = {
			isa = XCConfigurationList;
			buildConfigurations = (
				FB88FA152DCE57F300FF12DE /* Debug */,
				FB88FA162DCE57F300FF12DE /* Release */,
			);
			defaultConfigurationIsVisible = 0;
			defaultConfigurationName = Release;
		};
/* End XCConfigurationList section */
	};
	rootObject = FB88F9FE2DCE57F200FF12DE /* Project object */;
}
